// !$*UTF8*$!
{
	archiveVersion = 1;
	classes = {
	};
	objectVersion = 46;
	objects = {

/* Begin PBXBuildFile section */
		43C69E2B1E5AE663001FE412 /* AppDelegate.swift in Sources */ = {isa = PBXBuildFile; fileRef = 43C69E2A1E5AE663001FE412 /* AppDelegate.swift */; };
		43C69E2D1E5AE663001FE412 /* ViewController.swift in Sources */ = {isa = PBXBuildFile; fileRef = 43C69E2C1E5AE663001FE412 /* ViewController.swift */; };
		43C69E301E5AE663001FE412 /* Main.storyboard in Resources */ = {isa = PBXBuildFile; fileRef = 43C69E2E1E5AE663001FE412 /* Main.storyboard */; };
		43C69E321E5AE663001FE412 /* Assets.xcassets in Resources */ = {isa = PBXBuildFile; fileRef = 43C69E311E5AE663001FE412 /* Assets.xcassets */; };
		43C69E351E5AE663001FE412 /* LaunchScreen.storyboard in Resources */ = {isa = PBXBuildFile; fileRef = 43C69E331E5AE663001FE412 /* LaunchScreen.storyboard */; };
		43C69E401E5AE664001FE412 /* Hello_WorldTests.swift in Sources */ = {isa = PBXBuildFile; fileRef = 43C69E3F1E5AE664001FE412 /* Hello_WorldTests.swift */; };
		43C69E4B1E5AE664001FE412 /* Hello_WorldUITests.swift in Sources */ = {isa = PBXBuildFile; fileRef = 43C69E4A1E5AE664001FE412 /* Hello_WorldUITests.swift */; };
/* End PBXBuildFile section */

/* Begin PBXContainerItemProxy section */
		43C69E3C1E5AE664001FE412 /* PBXContainerItemProxy */ = {
			isa = PBXContainerItemProxy;
			containerPortal = 43C69E1F1E5AE663001FE412 /* Project object */;
			proxyType = 1;
			remoteGlobalIDString = 43C69E261E5AE663001FE412;
			remoteInfo = "Hello World";
		};
		43C69E471E5AE664001FE412 /* PBXContainerItemProxy */ = {
			isa = PBXContainerItemProxy;
			containerPortal = 43C69E1F1E5AE663001FE412 /* Project object */;
			proxyType = 1;
			remoteGlobalIDString = 43C69E261E5AE663001FE412;
			remoteInfo = "Hello World";
		};
/* End PBXContainerItemProxy section */

/* Begin PBXFileReference section */
		43C69E271E5AE663001FE412 /* Hello World.app */ = {isa = PBXFileReference; explicitFileType = wrapper.application; includeInIndex = 0; path = "Hello World.app"; sourceTree = BUILT_PRODUCTS_DIR; };
		43C69E2A1E5AE663001FE412 /* AppDelegate.swift */ = {isa = PBXFileReference; lastKnownFileType = sourcecode.swift; path = AppDelegate.swift; sourceTree = "<group>"; };
		43C69E2C1E5AE663001FE412 /* ViewController.swift */ = {isa = PBXFileReference; lastKnownFileType = sourcecode.swift; path = ViewController.swift; sourceTree = "<group>"; };
		43C69E2F1E5AE663001FE412 /* Base */ = {isa = PBXFileReference; lastKnownFileType = file.storyboard; name = Base; path = Base.lproj/Main.storyboard; sourceTree = "<group>"; };
		43C69E311E5AE663001FE412 /* Assets.xcassets */ = {isa = PBXFileReference; lastKnownFileType = folder.assetcatalog; path = Assets.xcassets; sourceTree = "<group>"; };
		43C69E341E5AE663001FE412 /* Base */ = {isa = PBXFileReference; lastKnownFileType = file.storyboard; name = Base; path = Base.lproj/LaunchScreen.storyboard; sourceTree = "<group>"; };
		43C69E361E5AE663001FE412 /* Info.plist */ = {isa = PBXFileReference; lastKnownFileType = text.plist.xml; path = Info.plist; sourceTree = "<group>"; };
		43C69E3B1E5AE664001FE412 /* Hello WorldTests.xctest */ = {isa = PBXFileReference; explicitFileType = wrapper.cfbundle; includeInIndex = 0; path = "Hello WorldTests.xctest"; sourceTree = BUILT_PRODUCTS_DIR; };
		43C69E3F1E5AE664001FE412 /* Hello_WorldTests.swift */ = {isa = PBXFileReference; lastKnownFileType = sourcecode.swift; path = Hello_WorldTests.swift; sourceTree = "<group>"; };
		43C69E411E5AE664001FE412 /* Info.plist */ = {isa = PBXFileReference; lastKnownFileType = text.plist.xml; path = Info.plist; sourceTree = "<group>"; };
		43C69E461E5AE664001FE412 /* Hello WorldUITests.xctest */ = {isa = PBXFileReference; explicitFileType = wrapper.cfbundle; includeInIndex = 0; path = "Hello WorldUITests.xctest"; sourceTree = BUILT_PRODUCTS_DIR; };
		43C69E4A1E5AE664001FE412 /* Hello_WorldUITests.swift */ = {isa = PBXFileReference; lastKnownFileType = sourcecode.swift; path = Hello_WorldUITests.swift; sourceTree = "<group>"; };
		43C69E4C1E5AE664001FE412 /* Info.plist */ = {isa = PBXFileReference; lastKnownFileType = text.plist.xml; path = Info.plist; sourceTree = "<group>"; };
/* End PBXFileReference section */

/* Begin PBXFrameworksBuildPhase section */
		43C69E241E5AE663001FE412 /* Frameworks */ = {
			isa = PBXFrameworksBuildPhase;
			buildActionMask = 2147483647;
			files = (
			);
			runOnlyForDeploymentPostprocessing = 0;
		};
		43C69E381E5AE664001FE412 /* Frameworks */ = {
			isa = PBXFrameworksBuildPhase;
			buildActionMask = 2147483647;
			files = (
			);
			runOnlyForDeploymentPostprocessing = 0;
		};
		43C69E431E5AE664001FE412 /* Frameworks */ = {
			isa = PBXFrameworksBuildPhase;
			buildActionMask = 2147483647;
			files = (
			);
			runOnlyForDeploymentPostprocessing = 0;
		};
/* End PBXFrameworksBuildPhase section */

/* Begin PBXGroup section */
		43C69E1E1E5AE663001FE412 = {
			isa = PBXGroup;
			children = (
				43C69E291E5AE663001FE412 /* Hello World */,
				43C69E3E1E5AE664001FE412 /* Hello WorldTests */,
				43C69E491E5AE664001FE412 /* Hello WorldUITests */,
				43C69E281E5AE663001FE412 /* Products */,
			);
			sourceTree = "<group>";
		};
		43C69E281E5AE663001FE412 /* Products */ = {
			isa = PBXGroup;
			children = (
				43C69E271E5AE663001FE412 /* Hello World.app */,
				43C69E3B1E5AE664001FE412 /* Hello WorldTests.xctest */,
				43C69E461E5AE664001FE412 /* Hello WorldUITests.xctest */,
			);
			name = Products;
			sourceTree = "<group>";
		};
		43C69E291E5AE663001FE412 /* Hello World */ = {
			isa = PBXGroup;
			children = (
				43C69E2A1E5AE663001FE412 /* AppDelegate.swift */,
				43C69E2C1E5AE663001FE412 /* ViewController.swift */,
				43C69E2E1E5AE663001FE412 /* Main.storyboard */,
				43C69E311E5AE663001FE412 /* Assets.xcassets */,
				43C69E331E5AE663001FE412 /* LaunchScreen.storyboard */,
				43C69E361E5AE663001FE412 /* Info.plist */,
			);
			path = "Hello World";
			sourceTree = "<group>";
		};
		43C69E3E1E5AE664001FE412 /* Hello WorldTests */ = {
			isa = PBXGroup;
			children = (
				43C69E3F1E5AE664001FE412 /* Hello_WorldTests.swift */,
				43C69E411E5AE664001FE412 /* Info.plist */,
			);
			path = "Hello WorldTests";
			sourceTree = "<group>";
		};
		43C69E491E5AE664001FE412 /* Hello WorldUITests */ = {
			isa = PBXGroup;
			children = (
				43C69E4A1E5AE664001FE412 /* Hello_WorldUITests.swift */,
				43C69E4C1E5AE664001FE412 /* Info.plist */,
			);
			path = "Hello WorldUITests";
			sourceTree = "<group>";
		};
/* End PBXGroup section */

/* Begin PBXNativeTarget section */
		43C69E261E5AE663001FE412 /* Hello World */ = {
			isa = PBXNativeTarget;
			buildConfigurationList = 43C69E4F1E5AE664001FE412 /* Build configuration list for PBXNativeTarget "Hello World" */;
			buildPhases = (
				43C69E231E5AE663001FE412 /* Sources */,
				43C69E241E5AE663001FE412 /* Frameworks */,
				43C69E251E5AE663001FE412 /* Resources */,
			);
			buildRules = (
			);
			dependencies = (
			);
			name = "Hello World";
			productName = "Hello World";
			productReference = 43C69E271E5AE663001FE412 /* Hello World.app */;
			productType = "com.apple.product-type.application";
		};
		43C69E3A1E5AE664001FE412 /* Hello WorldTests */ = {
			isa = PBXNativeTarget;
			buildConfigurationList = 43C69E521E5AE664001FE412 /* Build configuration list for PBXNativeTarget "Hello WorldTests" */;
			buildPhases = (
				43C69E371E5AE664001FE412 /* Sources */,
				43C69E381E5AE664001FE412 /* Frameworks */,
				43C69E391E5AE664001FE412 /* Resources */,
			);
			buildRules = (
			);
			dependencies = (
				43C69E3D1E5AE664001FE412 /* PBXTargetDependency */,
			);
			name = "Hello WorldTests";
			productName = "Hello WorldTests";
			productReference = 43C69E3B1E5AE664001FE412 /* Hello WorldTests.xctest */;
			productType = "com.apple.product-type.bundle.unit-test";
		};
		43C69E451E5AE664001FE412 /* Hello WorldUITests */ = {
			isa = PBXNativeTarget;
			buildConfigurationList = 43C69E551E5AE664001FE412 /* Build configuration list for PBXNativeTarget "Hello WorldUITests" */;
			buildPhases = (
				43C69E421E5AE664001FE412 /* Sources */,
				43C69E431E5AE664001FE412 /* Frameworks */,
				43C69E441E5AE664001FE412 /* Resources */,
			);
			buildRules = (
			);
			dependencies = (
				43C69E481E5AE664001FE412 /* PBXTargetDependency */,
			);
			name = "Hello WorldUITests";
			productName = "Hello WorldUITests";
			productReference = 43C69E461E5AE664001FE412 /* Hello WorldUITests.xctest */;
			productType = "com.apple.product-type.bundle.ui-testing";
		};
/* End PBXNativeTarget section */

/* Begin PBXProject section */
		43C69E1F1E5AE663001FE412 /* Project object */ = {
			isa = PBXProject;
			attributes = {
				LastSwiftUpdateCheck = 0730;
				LastUpgradeCheck = 0730;
				ORGANIZATIONNAME = "Justin Ward";
				TargetAttributes = {
					43C69E261E5AE663001FE412 = {
						CreatedOnToolsVersion = 7.3.1;
					};
					43C69E3A1E5AE664001FE412 = {
						CreatedOnToolsVersion = 7.3.1;
						TestTargetID = 43C69E261E5AE663001FE412;
					};
					43C69E451E5AE664001FE412 = {
						CreatedOnToolsVersion = 7.3.1;
						TestTargetID = 43C69E261E5AE663001FE412;
					};
				};
			};
			buildConfigurationList = 43C69E221E5AE663001FE412 /* Build configuration list for PBXProject "Hello World" */;
			compatibilityVersion = "Xcode 3.2";
			developmentRegion = English;
			hasScannedForEncodings = 0;
			knownRegions = (
				en,
				Base,
			);
			mainGroup = 43C69E1E1E5AE663001FE412;
			productRefGroup = 43C69E281E5AE663001FE412 /* Products */;
			projectDirPath = "";
			projectRoot = "";
			targets = (
				43C69E261E5AE663001FE412 /* Hello World */,
				43C69E3A1E5AE664001FE412 /* Hello WorldTests */,
				43C69E451E5AE664001FE412 /* Hello WorldUITests */,
			);
		};
/* End PBXProject section */

/* Begin PBXResourcesBuildPhase section */
		43C69E251E5AE663001FE412 /* Resources */ = {
			isa = PBXResourcesBuildPhase;
			buildActionMask = 2147483647;
			files = (
				43C69E351E5AE663001FE412 /* LaunchScreen.storyboard in Resources */,
				43C69E321E5AE663001FE412 /* Assets.xcassets in Resources */,
				43C69E301E5AE663001FE412 /* Main.storyboard in Resources */,
			);
			runOnlyForDeploymentPostprocessing = 0;
		};
		43C69E391E5AE664001FE412 /* Resources */ = {
			isa = PBXResourcesBuildPhase;
			buildActionMask = 2147483647;
			files = (
			);
			runOnlyForDeploymentPostprocessing = 0;
		};
		43C69E441E5AE664001FE412 /* Resources */ = {
			isa = PBXResourcesBuildPhase;
			buildActionMask = 2147483647;
			files = (
			);
			runOnlyForDeploymentPostprocessing = 0;
		};
/* End PBXResourcesBuildPhase section */

/* Begin PBXSourcesBuildPhase section */
		43C69E231E5AE663001FE412 /* Sources */ = {
			isa = PBXSourcesBuildPhase;
			buildActionMask = 2147483647;
			files = (
				43C69E2D1E5AE663001FE412 /* ViewController.swift in Sources */,
				43C69E2B1E5AE663001FE412 /* AppDelegate.swift in Sources */,
			);
			runOnlyForDeploymentPostprocessing = 0;
		};
		43C69E371E5AE664001FE412 /* Sources */ = {
			isa = PBXSourcesBuildPhase;
			buildActionMask = 2147483647;
			files = (
				43C69E401E5AE664001FE412 /* Hello_WorldTests.swift in Sources */,
			);
			runOnlyForDeploymentPostprocessing = 0;
		};
		43C69E421E5AE664001FE412 /* Sources */ = {
			isa = PBXSourcesBuildPhase;
			buildActionMask = 2147483647;
			files = (
				43C69E4B1E5AE664001FE412 /* Hello_WorldUITests.swift in Sources */,
			);
			runOnlyForDeploymentPostprocessing = 0;
		};
/* End PBXSourcesBuildPhase section */

/* Begin PBXTargetDependency section */
		43C69E3D1E5AE664001FE412 /* PBXTargetDependency */ = {
			isa = PBXTargetDependency;
			target = 43C69E261E5AE663001FE412 /* Hello World */;
			targetProxy = 43C69E3C1E5AE664001FE412 /* PBXContainerItemProxy */;
		};
		43C69E481E5AE664001FE412 /* PBXTargetDependency */ = {
			isa = PBXTargetDependency;
			target = 43C69E261E5AE663001FE412 /* Hello World */;
			targetProxy = 43C69E471E5AE664001FE412 /* PBXContainerItemProxy */;
		};
/* End PBXTargetDependency section */

/* Begin PBXVariantGroup section */
		43C69E2E1E5AE663001FE412 /* Main.storyboard */ = {
			isa = PBXVariantGroup;
			children = (
				43C69E2F1E5AE663001FE412 /* Base */,
			);
			name = Main.storyboard;
			sourceTree = "<group>";
		};
		43C69E331E5AE663001FE412 /* LaunchScreen.storyboard */ = {
			isa = PBXVariantGroup;
			children = (
				43C69E341E5AE663001FE412 /* Base */,
			);
			name = LaunchScreen.storyboard;
			sourceTree = "<group>";
		};
/* End PBXVariantGroup section */

/* Begin XCBuildConfiguration section */
		43C69E4D1E5AE664001FE412 /* Debug */ = {
			isa = XCBuildConfiguration;
			buildSettings = {
				ALWAYS_SEARCH_USER_PATHS = NO;
				CLANG_ANALYZER_NONNULL = YES;
				CLANG_CXX_LANGUAGE_STANDARD = "gnu++0x";
				CLANG_CXX_LIBRARY = "libc++";
				CLANG_ENABLE_MODULES = YES;
				CLANG_ENABLE_OBJC_ARC = YES;
				CLANG_WARN_BOOL_CONVERSION = YES;
				CLANG_WARN_CONSTANT_CONVERSION = YES;
				CLANG_WARN_DIRECT_OBJC_ISA_USAGE = YES_ERROR;
				CLANG_WARN_EMPTY_BODY = YES;
				CLANG_WARN_ENUM_CONVERSION = YES;
				CLANG_WARN_INT_CONVERSION = YES;
				CLANG_WARN_OBJC_ROOT_CLASS = YES_ERROR;
				CLANG_WARN_UNREACHABLE_CODE = YES;
				CLANG_WARN__DUPLICATE_METHOD_MATCH = YES;
				"CODE_SIGN_IDENTITY[sdk=iphoneos*]" = "iPhone Developer";
				COPY_PHASE_STRIP = NO;
				DEBUG_INFORMATION_FORMAT = dwarf;
				ENABLE_STRICT_OBJC_MSGSEND = YES;
				ENABLE_TESTABILITY = YES;
				GCC_C_LANGUAGE_STANDARD = gnu99;
				GCC_DYNAMIC_NO_PIC = NO;
				GCC_NO_COMMON_BLOCKS = YES;
				GCC_OPTIMIZATION_LEVEL = 0;
				GCC_PREPROCESSOR_DEFINITIONS = (
					"DEBUG=1",
					"$(inherited)",
				);
				GCC_WARN_64_TO_32_BIT_CONVERSION = YES;
				GCC_WARN_ABOUT_RETURN_TYPE = YES_ERROR;
				GCC_WARN_UNDECLARED_SELECTOR = YES;
				GCC_WARN_UNINITIALIZED_AUTOS = YES_AGGRESSIVE;
				GCC_WARN_UNUSED_FUNCTION = YES;
				GCC_WARN_UNUSED_VARIABLE = YES;
				IPHONEOS_DEPLOYMENT_TARGET = 9.3;
				MTL_ENABLE_DEBUG_INFO = YES;
				ONLY_ACTIVE_ARCH = YES;
				SDKROOT = iphoneos;
				SWIFT_OPTIMIZATION_LEVEL = "-Onone";
				TARGETED_DEVICE_FAMILY = "1,2";
			};
			name = Debug;
		};
		43C69E4E1E5AE664001FE412 /* Release */ = {
			isa = XCBuildConfiguration;
			buildSettings = {
				ALWAYS_SEARCH_USER_PATHS = NO;
				CLANG_ANALYZER_NONNULL = YES;
				CLANG_CXX_LANGUAGE_STANDARD = "gnu++0x";
				CLANG_CXX_LIBRARY = "libc++";
				CLANG_ENABLE_MODULES = YES;
				CLANG_ENABLE_OBJC_ARC = YES;
				CLANG_WARN_BOOL_CONVERSION = YES;
				CLANG_WARN_CONSTANT_CONVERSION = YES;
				CLANG_WARN_DIRECT_OBJC_ISA_USAGE = YES_ERROR;
				CLANG_WARN_EMPTY_BODY = YES;
				CLANG_WARN_ENUM_CONVERSION = YES;
				CLANG_WARN_INT_CONVERSION = YES;
				CLANG_WARN_OBJC_ROOT_CLASS = YES_ERROR;
				CLANG_WARN_UNREACHABLE_CODE = YES;
				CLANG_WARN__DUPLICATE_METHOD_MATCH = YES;
				"CODE_SIGN_IDENTITY[sdk=iphoneos*]" = "iPhone Developer";
				COPY_PHASE_STRIP = NO;
				DEBUG_INFORMATION_FORMAT = "dwarf-with-dsym";
				ENABLE_NS_ASSERTIONS = NO;
				ENABLE_STRICT_OBJC_MSGSEND = YES;
				GCC_C_LANGUAGE_STANDARD = gnu99;
				GCC_NO_COMMON_BLOCKS = YES;
				GCC_WARN_64_TO_32_BIT_CONVERSION = YES;
				GCC_WARN_ABOUT_RETURN_TYPE = YES_ERROR;
				GCC_WARN_UNDECLARED_SELECTOR = YES;
				GCC_WARN_UNINITIALIZED_AUTOS = YES_AGGRESSIVE;
				GCC_WARN_UNUSED_FUNCTION = YES;
				GCC_WARN_UNUSED_VARIABLE = YES;
				IPHONEOS_DEPLOYMENT_TARGET = 9.3;
				MTL_ENABLE_DEBUG_INFO = NO;
				SDKROOT = iphoneos;
				TARGETED_DEVICE_FAMILY = "1,2";
				VALIDATE_PRODUCT = YES;
			};
			name = Release;
		};
		43C69E501E5AE664001FE412 /* Debug */ = {
			isa = XCBuildConfiguration;
			buildSettings = {
				ASSETCATALOG_COMPILER_APPICON_NAME = AppIcon;
				INFOPLIST_FILE = "Hello World/Info.plist";
				LD_RUNPATH_SEARCH_PATHS = "$(inherited) @executable_path/Frameworks";
				PRODUCT_BUNDLE_IDENTIFIER = "com.PuterFix.Hello-World";
				PRODUCT_NAME = "$(TARGET_NAME)";
			};
			name = Debug;
		};
		43C69E511E5AE664001FE412 /* Release */ = {
			isa = XCBuildConfiguration;
			buildSettings = {
				ASSETCATALOG_COMPILER_APPICON_NAME = AppIcon;
				INFOPLIST_FILE = "Hello World/Info.plist";
				LD_RUNPATH_SEARCH_PATHS = "$(inherited) @executable_path/Frameworks";
				PRODUCT_BUNDLE_IDENTIFIER = "com.PuterFix.Hello-World";
				PRODUCT_NAME = "$(TARGET_NAME)";
			};
			name = Release;
		};
		43C69E531E5AE664001FE412 /* Debug */ = {
			isa = XCBuildConfiguration;
			buildSettings = {
				BUNDLE_LOADER = "$(TEST_HOST)";
				INFOPLIST_FILE = "Hello WorldTests/Info.plist";
				LD_RUNPATH_SEARCH_PATHS = "$(inherited) @executable_path/Frameworks @loader_path/Frameworks";
				PRODUCT_BUNDLE_IDENTIFIER = "com.PuterFix.Hello-WorldTests";
				PRODUCT_NAME = "$(TARGET_NAME)";
				TEST_HOST = "$(BUILT_PRODUCTS_DIR)/Hello World.app/Hello World";
			};
			name = Debug;
		};
		43C69E541E5AE664001FE412 /* Release */ = {
			isa = XCBuildConfiguration;
			buildSettings = {
				BUNDLE_LOADER = "$(TEST_HOST)";
				INFOPLIST_FILE = "Hello WorldTests/Info.plist";
				LD_RUNPATH_SEARCH_PATHS = "$(inherited) @executable_path/Frameworks @loader_path/Frameworks";
				PRODUCT_BUNDLE_IDENTIFIER = "com.PuterFix.Hello-WorldTests";
				PRODUCT_NAME = "$(TARGET_NAME)";
				TEST_HOST = "$(BUILT_PRODUCTS_DIR)/Hello World.app/Hello World";
			};
			name = Release;
		};
		43C69E561E5AE664001FE412 /* Debug */ = {
			isa = XCBuildConfiguration;
			buildSettings = {
				INFOPLIST_FILE = "Hello WorldUITests/Info.plist";
				LD_RUNPATH_SEARCH_PATHS = "$(inherited) @executable_path/Frameworks @loader_path/Frameworks";
				PRODUCT_BUNDLE_IDENTIFIER = "com.PuterFix.Hello-WorldUITests";
				PRODUCT_NAME = "$(TARGET_NAME)";
				TEST_TARGET_NAME = "Hello World";
			};
			name = Debug;
		};
		43C69E571E5AE664001FE412 /* Release */ = {
			isa = XCBuildConfiguration;
			buildSettings = {
				INFOPLIST_FILE = "Hello WorldUITests/Info.plist";
				LD_RUNPATH_SEARCH_PATHS = "$(inherited) @executable_path/Frameworks @loader_path/Frameworks";
				PRODUCT_BUNDLE_IDENTIFIER = "com.PuterFix.Hello-WorldUITests";
				PRODUCT_NAME = "$(TARGET_NAME)";
				TEST_TARGET_NAME = "Hello World";
			};
			name = Release;
		};
/* End XCBuildConfiguration section */

/* Begin XCConfigurationList section */
		43C69E221E5AE663001FE412 /* Build configuration list for PBXProject "Hello World" */ = {
			isa = XCConfigurationList;
			buildConfigurations = (
				43C69E4D1E5AE664001FE412 /* Debug */,
				43C69E4E1E5AE664001FE412 /* Release */,
			);
			defaultConfigurationIsVisible = 0;
			defaultConfigurationName = Release;
		};
		43C69E4F1E5AE664001FE412 /* Build configuration list for PBXNativeTarget "Hello World" */ = {
			isa = XCConfigurationList;
			buildConfigurations = (
				43C69E501E5AE664001FE412 /* Debug */,
				43C69E511E5AE664001FE412 /* Release */,
			);
			defaultConfigurationIsVisible = 0;
		};
		43C69E521E5AE664001FE412 /* Build configuration list for PBXNativeTarget "Hello WorldTests" */ = {
			isa = XCConfigurationList;
			buildConfigurations = (
				43C69E531E5AE664001FE412 /* Debug */,
				43C69E541E5AE664001FE412 /* Release */,
			);
			defaultConfigurationIsVisible = 0;
		};
		43C69E551E5AE664001FE412 /* Build configuration list for PBXNativeTarget "Hello WorldUITests" */ = {
			isa = XCConfigurationList;
			buildConfigurations = (
				43C69E561E5AE664001FE412 /* Debug */,
				43C69E571E5AE664001FE412 /* Release */,
			);
			defaultConfigurationIsVisible = 0;
		};
/* End XCConfigurationList section */
	};
	rootObject = 43C69E1F1E5AE663001FE412 /* Project object */;
}
